// !$*UTF8*$!
{
	archiveVersion = 1;
	classes = {
	};
	objectVersion = 55;
	objects = {

/* Begin PBXBuildFile section */
		496FB06B28E5F37D0072DC75 /* VideoService.swift in Sources */ = {isa = PBXBuildFile; fileRef = 496FB06A28E5F37D0072DC75 /* VideoService.swift */; };
		496FB06E28E5F4260072DC75 /* Device.swift in Sources */ = {isa = PBXBuildFile; fileRef = 496FB06D28E5F4260072DC75 /* Device.swift */; };
		496FB09A28F0466D0072DC75 /* UIImage+OpenCV.mm in Sources */ = {isa = PBXBuildFile; fileRef = 496FB09428F0466D0072DC75 /* UIImage+OpenCV.mm */; };
		496FB09B28F0466D0072DC75 /* stitching.cpp in Sources */ = {isa = PBXBuildFile; fileRef = 496FB09528F0466D0072DC75 /* stitching.cpp */; };
		496FB09C28F0466D0072DC75 /* UIImage+Rotate.m in Sources */ = {isa = PBXBuildFile; fileRef = 496FB09628F0466D0072DC75 /* UIImage+Rotate.m */; };
		496FB09D28F0466D0072DC75 /* CVWrapper.mm in Sources */ = {isa = PBXBuildFile; fileRef = 496FB09928F0466D0072DC75 /* CVWrapper.mm */; };
		496FB0A028F84D830072DC75 /* AppUtility.swift in Sources */ = {isa = PBXBuildFile; fileRef = 496FB09F28F84D820072DC75 /* AppUtility.swift */; };
		4988462C291BAB150028EF32 /* Api.swift in Sources */ = {isa = PBXBuildFile; fileRef = 4988462B291BAB150028EF32 /* Api.swift */; };
		49947DB628A4089100518099 /* AppDelegate.swift in Sources */ = {isa = PBXBuildFile; fileRef = 49947DB528A4089100518099 /* AppDelegate.swift */; };
		49947DB828A4089100518099 /* SceneDelegate.swift in Sources */ = {isa = PBXBuildFile; fileRef = 49947DB728A4089100518099 /* SceneDelegate.swift */; };
		49947DBA28A4089100518099 /* ViewController.swift in Sources */ = {isa = PBXBuildFile; fileRef = 49947DB928A4089100518099 /* ViewController.swift */; };
		49947DBD28A4089100518099 /* Main.storyboard in Resources */ = {isa = PBXBuildFile; fileRef = 49947DBB28A4089100518099 /* Main.storyboard */; };
		49947DBF28A4089300518099 /* Assets.xcassets in Resources */ = {isa = PBXBuildFile; fileRef = 49947DBE28A4089300518099 /* Assets.xcassets */; };
		49947DC228A4089300518099 /* LaunchScreen.storyboard in Resources */ = {isa = PBXBuildFile; fileRef = 49947DC028A4089300518099 /* LaunchScreen.storyboard */; };
		49947DCA28A4F28A00518099 /* ObjectRecognitionViewController.swift in Sources */ = {isa = PBXBuildFile; fileRef = 49947DC928A4F28A00518099 /* ObjectRecognitionViewController.swift */; };
		49947DCC28A502AD00518099 /* ObjectDetector.mlmodel in Sources */ = {isa = PBXBuildFile; fileRef = 49947DCB28A502AD00518099 /* ObjectDetector.mlmodel */; };
		AA7EAD70470591BFDDD831C0 /* Pods_CameraOR.framework in Frameworks */ = {isa = PBXBuildFile; fileRef = 5B9E0A7760A2C67455BA39A2 /* Pods_CameraOR.framework */; };
/* End PBXBuildFile section */

/* Begin PBXFileReference section */
		21C268150B20646CFC951AFC /* Pods-CameraOR.debug.xcconfig */ = {isa = PBXFileReference; includeInIndex = 1; lastKnownFileType = text.xcconfig; name = "Pods-CameraOR.debug.xcconfig"; path = "Target Support Files/Pods-CameraOR/Pods-CameraOR.debug.xcconfig"; sourceTree = "<group>"; };
		26E6890594A673E6B8D26104 /* Pods-CameraOR.release.xcconfig */ = {isa = PBXFileReference; includeInIndex = 1; lastKnownFileType = text.xcconfig; name = "Pods-CameraOR.release.xcconfig"; path = "Target Support Files/Pods-CameraOR/Pods-CameraOR.release.xcconfig"; sourceTree = "<group>"; };
		496FB06A28E5F37D0072DC75 /* VideoService.swift */ = {isa = PBXFileReference; lastKnownFileType = sourcecode.swift; path = VideoService.swift; sourceTree = "<group>"; };
		496FB06D28E5F4260072DC75 /* Device.swift */ = {isa = PBXFileReference; lastKnownFileType = sourcecode.swift; path = Device.swift; sourceTree = "<group>"; };
		496FB09028F0466D0072DC75 /* UIImage+OpenCV.h */ = {isa = PBXFileReference; fileEncoding = 4; lastKnownFileType = sourcecode.c.h; path = "UIImage+OpenCV.h"; sourceTree = "<group>"; };
		496FB09128F0466D0072DC75 /* stitching.h */ = {isa = PBXFileReference; fileEncoding = 4; lastKnownFileType = sourcecode.c.h; path = stitching.h; sourceTree = "<group>"; };
		496FB09228F0466D0072DC75 /* CameraOR-Bridging-Header.h */ = {isa = PBXFileReference; fileEncoding = 4; lastKnownFileType = sourcecode.c.h; path = "CameraOR-Bridging-Header.h"; sourceTree = "<group>"; };
		496FB09328F0466D0072DC75 /* CVWrapper.h */ = {isa = PBXFileReference; fileEncoding = 4; lastKnownFileType = sourcecode.c.h; path = CVWrapper.h; sourceTree = "<group>"; };
		496FB09428F0466D0072DC75 /* UIImage+OpenCV.mm */ = {isa = PBXFileReference; fileEncoding = 4; lastKnownFileType = sourcecode.cpp.objcpp; path = "UIImage+OpenCV.mm"; sourceTree = "<group>"; };
		496FB09528F0466D0072DC75 /* stitching.cpp */ = {isa = PBXFileReference; fileEncoding = 4; lastKnownFileType = sourcecode.cpp.cpp; path = stitching.cpp; sourceTree = "<group>"; };
		496FB09628F0466D0072DC75 /* UIImage+Rotate.m */ = {isa = PBXFileReference; fileEncoding = 4; lastKnownFileType = sourcecode.c.objc; path = "UIImage+Rotate.m"; sourceTree = "<group>"; };
		496FB09728F0466D0072DC75 /* SwiftStitch-Bridging-Header.h */ = {isa = PBXFileReference; fileEncoding = 4; lastKnownFileType = sourcecode.c.h; path = "SwiftStitch-Bridging-Header.h"; sourceTree = "<group>"; };
		496FB09828F0466D0072DC75 /* UIImage+Rotate.h */ = {isa = PBXFileReference; fileEncoding = 4; lastKnownFileType = sourcecode.c.h; path = "UIImage+Rotate.h"; sourceTree = "<group>"; };
		496FB09928F0466D0072DC75 /* CVWrapper.mm */ = {isa = PBXFileReference; fileEncoding = 4; lastKnownFileType = sourcecode.cpp.objcpp; path = CVWrapper.mm; sourceTree = "<group>"; };
		496FB09F28F84D820072DC75 /* AppUtility.swift */ = {isa = PBXFileReference; lastKnownFileType = sourcecode.swift; path = AppUtility.swift; sourceTree = "<group>"; };
		4988462B291BAB150028EF32 /* Api.swift */ = {isa = PBXFileReference; lastKnownFileType = sourcecode.swift; path = Api.swift; sourceTree = "<group>"; };
		49947DB228A4089100518099 /* CameraOR.app */ = {isa = PBXFileReference; explicitFileType = wrapper.application; includeInIndex = 0; path = CameraOR.app; sourceTree = BUILT_PRODUCTS_DIR; };
		49947DB528A4089100518099 /* AppDelegate.swift */ = {isa = PBXFileReference; lastKnownFileType = sourcecode.swift; path = AppDelegate.swift; sourceTree = "<group>"; };
		49947DB728A4089100518099 /* SceneDelegate.swift */ = {isa = PBXFileReference; lastKnownFileType = sourcecode.swift; path = SceneDelegate.swift; sourceTree = "<group>"; };
		49947DB928A4089100518099 /* ViewController.swift */ = {isa = PBXFileReference; lastKnownFileType = sourcecode.swift; path = ViewController.swift; sourceTree = "<group>"; };
		49947DBC28A4089100518099 /* Base */ = {isa = PBXFileReference; lastKnownFileType = file.storyboard; name = Base; path = Base.lproj/Main.storyboard; sourceTree = "<group>"; };
		49947DBE28A4089300518099 /* Assets.xcassets */ = {isa = PBXFileReference; lastKnownFileType = folder.assetcatalog; path = Assets.xcassets; sourceTree = "<group>"; };
		49947DC128A4089300518099 /* Base */ = {isa = PBXFileReference; lastKnownFileType = file.storyboard; name = Base; path = Base.lproj/LaunchScreen.storyboard; sourceTree = "<group>"; };
		49947DC328A4089300518099 /* Info.plist */ = {isa = PBXFileReference; lastKnownFileType = text.plist.xml; path = Info.plist; sourceTree = "<group>"; };
		49947DC928A4F28A00518099 /* ObjectRecognitionViewController.swift */ = {isa = PBXFileReference; lastKnownFileType = sourcecode.swift; path = ObjectRecognitionViewController.swift; sourceTree = "<group>"; };
		49947DCB28A502AD00518099 /* ObjectDetector.mlmodel */ = {isa = PBXFileReference; lastKnownFileType = file.mlmodel; path = ObjectDetector.mlmodel; sourceTree = "<group>"; };
		5B9E0A7760A2C67455BA39A2 /* Pods_CameraOR.framework */ = {isa = PBXFileReference; explicitFileType = wrapper.framework; includeInIndex = 0; path = Pods_CameraOR.framework; sourceTree = BUILT_PRODUCTS_DIR; };
/* End PBXFileReference section */

/* Begin PBXFrameworksBuildPhase section */
		49947DAF28A4089100518099 /* Frameworks */ = {
			isa = PBXFrameworksBuildPhase;
			buildActionMask = 2147483647;
			files = (
				AA7EAD70470591BFDDD831C0 /* Pods_CameraOR.framework in Frameworks */,
			);
			runOnlyForDeploymentPostprocessing = 0;
		};
/* End PBXFrameworksBuildPhase section */

/* Begin PBXGroup section */
		27B7A51AE047A767142E1238 /* Frameworks */ = {
			isa = PBXGroup;
			children = (
				5B9E0A7760A2C67455BA39A2 /* Pods_CameraOR.framework */,
			);
			name = Frameworks;
			sourceTree = "<group>";
		};
		3AD7D48210A21FA21BB3E8D9 /* Pods */ = {
			isa = PBXGroup;
			children = (
				21C268150B20646CFC951AFC /* Pods-CameraOR.debug.xcconfig */,
				26E6890594A673E6B8D26104 /* Pods-CameraOR.release.xcconfig */,
			);
			path = Pods;
			sourceTree = "<group>";
		};
		496FB06C28E5F4110072DC75 /* Helpers */ = {
			isa = PBXGroup;
			children = (
				496FB06D28E5F4260072DC75 /* Device.swift */,
				496FB09F28F84D820072DC75 /* AppUtility.swift */,
				4988462B291BAB150028EF32 /* Api.swift */,
			);
			path = Helpers;
			sourceTree = "<group>";
		};
		496FB08F28F046270072DC75 /* Stitch */ = {
			isa = PBXGroup;
			children = (
				496FB09228F0466D0072DC75 /* CameraOR-Bridging-Header.h */,
				496FB09328F0466D0072DC75 /* CVWrapper.h */,
				496FB09928F0466D0072DC75 /* CVWrapper.mm */,
				496FB09528F0466D0072DC75 /* stitching.cpp */,
				496FB09128F0466D0072DC75 /* stitching.h */,
				496FB09728F0466D0072DC75 /* SwiftStitch-Bridging-Header.h */,
				496FB09028F0466D0072DC75 /* UIImage+OpenCV.h */,
				496FB09428F0466D0072DC75 /* UIImage+OpenCV.mm */,
				496FB09828F0466D0072DC75 /* UIImage+Rotate.h */,
				496FB09628F0466D0072DC75 /* UIImage+Rotate.m */,
			);
			path = Stitch;
			sourceTree = "<group>";
		};
		49947DA928A4089100518099 = {
			isa = PBXGroup;
			children = (
				49947DB428A4089100518099 /* CameraOR */,
				49947DB328A4089100518099 /* Products */,
				3AD7D48210A21FA21BB3E8D9 /* Pods */,
				27B7A51AE047A767142E1238 /* Frameworks */,
			);
			sourceTree = "<group>";
		};
		49947DB328A4089100518099 /* Products */ = {
			isa = PBXGroup;
			children = (
				49947DB228A4089100518099 /* CameraOR.app */,
			);
			name = Products;
			sourceTree = "<group>";
		};
		49947DB428A4089100518099 /* CameraOR */ = {
			isa = PBXGroup;
			children = (
				496FB08F28F046270072DC75 /* Stitch */,
				496FB06C28E5F4110072DC75 /* Helpers */,
				49947DB528A4089100518099 /* AppDelegate.swift */,
				49947DB728A4089100518099 /* SceneDelegate.swift */,
				49947DB928A4089100518099 /* ViewController.swift */,
				49947DC928A4F28A00518099 /* ObjectRecognitionViewController.swift */,
				49947DCB28A502AD00518099 /* ObjectDetector.mlmodel */,
				49947DBB28A4089100518099 /* Main.storyboard */,
				49947DBE28A4089300518099 /* Assets.xcassets */,
				49947DC028A4089300518099 /* LaunchScreen.storyboard */,
				49947DC328A4089300518099 /* Info.plist */,
				496FB06A28E5F37D0072DC75 /* VideoService.swift */,
			);
			path = CameraOR;
			sourceTree = "<group>";
		};
/* End PBXGroup section */

/* Begin PBXNativeTarget section */
		49947DB128A4089100518099 /* CameraOR */ = {
			isa = PBXNativeTarget;
			buildConfigurationList = 49947DC628A4089300518099 /* Build configuration list for PBXNativeTarget "CameraOR" */;
			buildPhases = (
				479B9CD6CF3407D20B434336 /* [CP] Check Pods Manifest.lock */,
				49947DAE28A4089100518099 /* Sources */,
				49947DAF28A4089100518099 /* Frameworks */,
				49947DB028A4089100518099 /* Resources */,
			);
			buildRules = (
			);
			dependencies = (
			);
			name = CameraOR;
			productName = CameraOR;
			productReference = 49947DB228A4089100518099 /* CameraOR.app */;
			productType = "com.apple.product-type.application";
		};
/* End PBXNativeTarget section */

/* Begin PBXProject section */
		49947DAA28A4089100518099 /* Project object */ = {
			isa = PBXProject;
			attributes = {
				BuildIndependentTargetsInParallel = 1;
				LastSwiftUpdateCheck = 1340;
				LastUpgradeCheck = 1340;
				TargetAttributes = {
					49947DB128A4089100518099 = {
						CreatedOnToolsVersion = 13.4.1;
						LastSwiftMigration = 1400;
					};
				};
			};
			buildConfigurationList = 49947DAD28A4089100518099 /* Build configuration list for PBXProject "CameraOR" */;
			compatibilityVersion = "Xcode 13.0";
			developmentRegion = en;
			hasScannedForEncodings = 0;
			knownRegions = (
				en,
				Base,
			);
			mainGroup = 49947DA928A4089100518099;
			productRefGroup = 49947DB328A4089100518099 /* Products */;
			projectDirPath = "";
			projectRoot = "";
			targets = (
				49947DB128A4089100518099 /* CameraOR */,
			);
		};
/* End PBXProject section */

/* Begin PBXResourcesBuildPhase section */
		49947DB028A4089100518099 /* Resources */ = {
			isa = PBXResourcesBuildPhase;
			buildActionMask = 2147483647;
			files = (
				49947DC228A4089300518099 /* LaunchScreen.storyboard in Resources */,
				49947DBF28A4089300518099 /* Assets.xcassets in Resources */,
				49947DBD28A4089100518099 /* Main.storyboard in Resources */,
			);
			runOnlyForDeploymentPostprocessing = 0;
		};
/* End PBXResourcesBuildPhase section */

/* Begin PBXShellScriptBuildPhase section */
		479B9CD6CF3407D20B434336 /* [CP] Check Pods Manifest.lock */ = {
			isa = PBXShellScriptBuildPhase;
			buildActionMask = 2147483647;
			files = (
			);
			inputFileListPaths = (
			);
			inputPaths = (
				"${PODS_PODFILE_DIR_PATH}/Podfile.lock",
				"${PODS_ROOT}/Manifest.lock",
			);
			name = "[CP] Check Pods Manifest.lock";
			outputFileListPaths = (
			);
			outputPaths = (
				"$(DERIVED_FILE_DIR)/Pods-CameraOR-checkManifestLockResult.txt",
			);
			runOnlyForDeploymentPostprocessing = 0;
			shellPath = /bin/sh;
			shellScript = "diff \"${PODS_PODFILE_DIR_PATH}/Podfile.lock\" \"${PODS_ROOT}/Manifest.lock\" > /dev/null\nif [ $? != 0 ] ; then\n    # print error to STDERR\n    echo \"error: The sandbox is not in sync with the Podfile.lock. Run 'pod install' or update your CocoaPods installation.\" >&2\n    exit 1\nfi\n# This output is used by Xcode 'outputs' to avoid re-running this script phase.\necho \"SUCCESS\" > \"${SCRIPT_OUTPUT_FILE_0}\"\n";
			showEnvVarsInLog = 0;
		};
/* End PBXShellScriptBuildPhase section */

/* Begin PBXSourcesBuildPhase section */
		49947DAE28A4089100518099 /* Sources */ = {
			isa = PBXSourcesBuildPhase;
			buildActionMask = 2147483647;
			files = (
				496FB09A28F0466D0072DC75 /* UIImage+OpenCV.mm in Sources */,
				49947DBA28A4089100518099 /* ViewController.swift in Sources */,
				496FB09B28F0466D0072DC75 /* stitching.cpp in Sources */,
				496FB06B28E5F37D0072DC75 /* VideoService.swift in Sources */,
				49947DB628A4089100518099 /* AppDelegate.swift in Sources */,
				49947DB828A4089100518099 /* SceneDelegate.swift in Sources */,
				4988462C291BAB150028EF32 /* Api.swift in Sources */,
				49947DCA28A4F28A00518099 /* ObjectRecognitionViewController.swift in Sources */,
				496FB06E28E5F4260072DC75 /* Device.swift in Sources */,
				496FB0A028F84D830072DC75 /* AppUtility.swift in Sources */,
				496FB09D28F0466D0072DC75 /* CVWrapper.mm in Sources */,
				496FB09C28F0466D0072DC75 /* UIImage+Rotate.m in Sources */,
				49947DCC28A502AD00518099 /* ObjectDetector.mlmodel in Sources */,
			);
			runOnlyForDeploymentPostprocessing = 0;
		};
/* End PBXSourcesBuildPhase section */

/* Begin PBXVariantGroup section */
		49947DBB28A4089100518099 /* Main.storyboard */ = {
			isa = PBXVariantGroup;
			children = (
				49947DBC28A4089100518099 /* Base */,
			);
			name = Main.storyboard;
			sourceTree = "<group>";
		};
		49947DC028A4089300518099 /* LaunchScreen.storyboard */ = {
			isa = PBXVariantGroup;
			children = (
				49947DC128A4089300518099 /* Base */,
			);
			name = LaunchScreen.storyboard;
			sourceTree = "<group>";
		};
/* End PBXVariantGroup section */

/* Begin XCBuildConfiguration section */
		49947DC428A4089300518099 /* Debug */ = {
			isa = XCBuildConfiguration;
			buildSettings = {
				ALWAYS_SEARCH_USER_PATHS = NO;
				CLANG_ANALYZER_NONNULL = YES;
				CLANG_ANALYZER_NUMBER_OBJECT_CONVERSION = YES_AGGRESSIVE;
				CLANG_CXX_LANGUAGE_STANDARD = "gnu++17";
				CLANG_ENABLE_MODULES = YES;
				CLANG_ENABLE_OBJC_ARC = YES;
				CLANG_ENABLE_OBJC_WEAK = YES;
				CLANG_WARN_BLOCK_CAPTURE_AUTORELEASING = YES;
				CLANG_WARN_BOOL_CONVERSION = YES;
				CLANG_WARN_COMMA = YES;
				CLANG_WARN_CONSTANT_CONVERSION = YES;
				CLANG_WARN_DEPRECATED_OBJC_IMPLEMENTATIONS = YES;
				CLANG_WARN_DIRECT_OBJC_ISA_USAGE = YES_ERROR;
				CLANG_WARN_DOCUMENTATION_COMMENTS = YES;
				CLANG_WARN_EMPTY_BODY = YES;
				CLANG_WARN_ENUM_CONVERSION = YES;
				CLANG_WARN_INFINITE_RECURSION = YES;
				CLANG_WARN_INT_CONVERSION = YES;
				CLANG_WARN_NON_LITERAL_NULL_CONVERSION = YES;
				CLANG_WARN_OBJC_IMPLICIT_RETAIN_SELF = YES;
				CLANG_WARN_OBJC_LITERAL_CONVERSION = YES;
				CLANG_WARN_OBJC_ROOT_CLASS = YES_ERROR;
				CLANG_WARN_QUOTED_INCLUDE_IN_FRAMEWORK_HEADER = YES;
				CLANG_WARN_RANGE_LOOP_ANALYSIS = YES;
				CLANG_WARN_STRICT_PROTOTYPES = YES;
				CLANG_WARN_SUSPICIOUS_MOVE = YES;
				CLANG_WARN_UNGUARDED_AVAILABILITY = YES_AGGRESSIVE;
				CLANG_WARN_UNREACHABLE_CODE = YES;
				CLANG_WARN__DUPLICATE_METHOD_MATCH = YES;
				COPY_PHASE_STRIP = NO;
				DEBUG_INFORMATION_FORMAT = dwarf;
				ENABLE_STRICT_OBJC_MSGSEND = YES;
				ENABLE_TESTABILITY = YES;
				GCC_C_LANGUAGE_STANDARD = gnu11;
				GCC_DYNAMIC_NO_PIC = NO;
				GCC_NO_COMMON_BLOCKS = YES;
				GCC_OPTIMIZATION_LEVEL = 0;
				GCC_PREPROCESSOR_DEFINITIONS = (
					"DEBUG=1",
					"$(inherited)",
				);
				GCC_WARN_64_TO_32_BIT_CONVERSION = YES;
				GCC_WARN_ABOUT_RETURN_TYPE = YES_ERROR;
				GCC_WARN_UNDECLARED_SELECTOR = YES;
				GCC_WARN_UNINITIALIZED_AUTOS = YES_AGGRESSIVE;
				GCC_WARN_UNUSED_FUNCTION = YES;
				GCC_WARN_UNUSED_VARIABLE = YES;
				IPHONEOS_DEPLOYMENT_TARGET = 15.5;
				MTL_ENABLE_DEBUG_INFO = INCLUDE_SOURCE;
				MTL_FAST_MATH = YES;
				ONLY_ACTIVE_ARCH = YES;
				SDKROOT = iphoneos;
				SWIFT_ACTIVE_COMPILATION_CONDITIONS = DEBUG;
				SWIFT_OPTIMIZATION_LEVEL = "-Onone";
			};
			name = Debug;
		};
		49947DC528A4089300518099 /* Release */ = {
			isa = XCBuildConfiguration;
			buildSettings = {
				ALWAYS_SEARCH_USER_PATHS = NO;
				CLANG_ANALYZER_NONNULL = YES;
				CLANG_ANALYZER_NUMBER_OBJECT_CONVERSION = YES_AGGRESSIVE;
				CLANG_CXX_LANGUAGE_STANDARD = "gnu++17";
				CLANG_ENABLE_MODULES = YES;
				CLANG_ENABLE_OBJC_ARC = YES;
				CLANG_ENABLE_OBJC_WEAK = YES;
				CLANG_WARN_BLOCK_CAPTURE_AUTORELEASING = YES;
				CLANG_WARN_BOOL_CONVERSION = YES;
				CLANG_WARN_COMMA = YES;
				CLANG_WARN_CONSTANT_CONVERSION = YES;
				CLANG_WARN_DEPRECATED_OBJC_IMPLEMENTATIONS = YES;
				CLANG_WARN_DIRECT_OBJC_ISA_USAGE = YES_ERROR;
				CLANG_WARN_DOCUMENTATION_COMMENTS = YES;
				CLANG_WARN_EMPTY_BODY = YES;
				CLANG_WARN_ENUM_CONVERSION = YES;
				CLANG_WARN_INFINITE_RECURSION = YES;
				CLANG_WARN_INT_CONVERSION = YES;
				CLANG_WARN_NON_LITERAL_NULL_CONVERSION = YES;
				CLANG_WARN_OBJC_IMPLICIT_RETAIN_SELF = YES;
				CLANG_WARN_OBJC_LITERAL_CONVERSION = YES;
				CLANG_WARN_OBJC_ROOT_CLASS = YES_ERROR;
				CLANG_WARN_QUOTED_INCLUDE_IN_FRAMEWORK_HEADER = YES;
				CLANG_WARN_RANGE_LOOP_ANALYSIS = YES;
				CLANG_WARN_STRICT_PROTOTYPES = YES;
				CLANG_WARN_SUSPICIOUS_MOVE = YES;
				CLANG_WARN_UNGUARDED_AVAILABILITY = YES_AGGRESSIVE;
				CLANG_WARN_UNREACHABLE_CODE = YES;
				CLANG_WARN__DUPLICATE_METHOD_MATCH = YES;
				COPY_PHASE_STRIP = NO;
				DEBUG_INFORMATION_FORMAT = "dwarf-with-dsym";
				ENABLE_NS_ASSERTIONS = NO;
				ENABLE_STRICT_OBJC_MSGSEND = YES;
				GCC_C_LANGUAGE_STANDARD = gnu11;
				GCC_NO_COMMON_BLOCKS = YES;
				GCC_WARN_64_TO_32_BIT_CONVERSION = YES;
				GCC_WARN_ABOUT_RETURN_TYPE = YES_ERROR;
				GCC_WARN_UNDECLARED_SELECTOR = YES;
				GCC_WARN_UNINITIALIZED_AUTOS = YES_AGGRESSIVE;
				GCC_WARN_UNUSED_FUNCTION = YES;
				GCC_WARN_UNUSED_VARIABLE = YES;
				IPHONEOS_DEPLOYMENT_TARGET = 15.5;
				MTL_ENABLE_DEBUG_INFO = NO;
				MTL_FAST_MATH = YES;
				SDKROOT = iphoneos;
				SWIFT_COMPILATION_MODE = wholemodule;
				SWIFT_OPTIMIZATION_LEVEL = "-O";
				VALIDATE_PRODUCT = YES;
			};
			name = Release;
		};
		49947DC728A4089300518099 /* Debug */ = {
			isa = XCBuildConfiguration;
			baseConfigurationReference = 21C268150B20646CFC951AFC /* Pods-CameraOR.debug.xcconfig */;
			buildSettings = {
				ASSETCATALOG_COMPILER_APPICON_NAME = AppIcon;
				ASSETCATALOG_COMPILER_GLOBAL_ACCENT_COLOR_NAME = AccentColor;
				CLANG_ENABLE_MODULES = YES;
				CODE_SIGN_STYLE = Automatic;
				CURRENT_PROJECT_VERSION = 1;
				DEVELOPMENT_TEAM = 4X2B27SFD7;
				GENERATE_INFOPLIST_FILE = YES;
				INFOPLIST_FILE = CameraOR/Info.plist;
				INFOPLIST_KEY_UIApplicationSupportsIndirectInputEvents = YES;
				INFOPLIST_KEY_UILaunchStoryboardName = LaunchScreen;
				INFOPLIST_KEY_UIMainStoryboardFile = Main;
				INFOPLIST_KEY_UISupportedInterfaceOrientations_iPad = "UIInterfaceOrientationPortrait UIInterfaceOrientationPortraitUpsideDown UIInterfaceOrientationLandscapeLeft UIInterfaceOrientationLandscapeRight";
				INFOPLIST_KEY_UISupportedInterfaceOrientations_iPhone = "UIInterfaceOrientationPortrait UIInterfaceOrientationLandscapeLeft UIInterfaceOrientationLandscapeRight";
				LD_RUNPATH_SEARCH_PATHS = (
					"$(inherited)",
					"@executable_path/Frameworks",
				);
				MARKETING_VERSION = 1.0;
				PRODUCT_BUNDLE_IDENTIFIER = radency.CameraOR;
				PRODUCT_NAME = "$(TARGET_NAME)";
				SWIFT_EMIT_LOC_STRINGS = YES;
				SWIFT_OBJC_BRIDGING_HEADER = "CameraOR/Stitch/CameraOR-Bridging-Header.h";
				SWIFT_OPTIMIZATION_LEVEL = "-Onone";
				SWIFT_VERSION = 5.0;
				TARGETED_DEVICE_FAMILY = "1,2";
			};
			name = Debug;
		};
		49947DC828A4089300518099 /* Release */ = {
			isa = XCBuildConfiguration;
			baseConfigurationReference = 26E6890594A673E6B8D26104 /* Pods-CameraOR.release.xcconfig */;
			buildSettings = {
				ASSETCATALOG_COMPILER_APPICON_NAME = AppIcon;
				ASSETCATALOG_COMPILER_GLOBAL_ACCENT_COLOR_NAME = AccentColor;
				CLANG_ENABLE_MODULES = YES;
				CODE_SIGN_STYLE = Automatic;
				CURRENT_PROJECT_VERSION = 1;
				DEVELOPMENT_TEAM = 4X2B27SFD7;
				GENERATE_INFOPLIST_FILE = YES;
				INFOPLIST_FILE = CameraOR/Info.plist;
				INFOPLIST_KEY_UIApplicationSupportsIndirectInputEvents = YES;
				INFOPLIST_KEY_UILaunchStoryboardName = LaunchScreen;
				INFOPLIST_KEY_UIMainStoryboardFile = Main;
				INFOPLIST_KEY_UISupportedInterfaceOrientations_iPad = "UIInterfaceOrientationPortrait UIInterfaceOrientationPortraitUpsideDown UIInterfaceOrientationLandscapeLeft UIInterfaceOrientationLandscapeRight";
				INFOPLIST_KEY_UISupportedInterfaceOrientations_iPhone = "UIInterfaceOrientationPortrait UIInterfaceOrientationLandscapeLeft UIInterfaceOrientationLandscapeRight";
				LD_RUNPATH_SEARCH_PATHS = (
					"$(inherited)",
					"@executable_path/Frameworks",
				);
				MARKETING_VERSION = 1.0;
				PRODUCT_BUNDLE_IDENTIFIER = radency.CameraOR;
				PRODUCT_NAME = "$(TARGET_NAME)";
				SWIFT_EMIT_LOC_STRINGS = YES;
				SWIFT_OBJC_BRIDGING_HEADER = "CameraOR/Stitch/CameraOR-Bridging-Header.h";
				SWIFT_VERSION = 5.0;
				TARGETED_DEVICE_FAMILY = "1,2";
			};
			name = Release;
		};
/* End XCBuildConfiguration section */

/* Begin XCConfigurationList section */
		49947DAD28A4089100518099 /* Build configuration list for PBXProject "CameraOR" */ = {
			isa = XCConfigurationList;
			buildConfigurations = (
				49947DC428A4089300518099 /* Debug */,
				49947DC528A4089300518099 /* Release */,
			);
			defaultConfigurationIsVisible = 0;
			defaultConfigurationName = Release;
		};
		49947DC628A4089300518099 /* Build configuration list for PBXNativeTarget "CameraOR" */ = {
			isa = XCConfigurationList;
			buildConfigurations = (
				49947DC728A4089300518099 /* Debug */,
				49947DC828A4089300518099 /* Release */,
			);
			defaultConfigurationIsVisible = 0;
			defaultConfigurationName = Release;
		};
/* End XCConfigurationList section */
	};
	rootObject = 49947DAA28A4089100518099 /* Project object */;
}
